
Microsoft Visual Studio Solution File, Format Version 12.00
# Visual Studio Version 16
VisualStudioVersion = 16.0.29102.190
MinimumVisualStudioVersion = 10.0.40219.1
Project("{9A19103F-16F7-4668-BE54-9A1E7A4F7556}") = "Silo", "Silo\Silo.csproj", "{6F703870-D17B-4785-8581-3711D86B048F}"
EndProject
Project("{9A19103F-16F7-4668-BE54-9A1E7A4F7556}") = "Client", "Client\Client.csproj", "{189D85A3-7BCA-49EF-82F1-F031B3DE0F03}"
EndProject
Project("{9A19103F-16F7-4668-BE54-9A1E7A4F7556}") = "Grains", "Grains\Grains.csproj", "{01CE4668-BAFE-46CB-8DCB-52B5ECDB5EC4}"
EndProject
Project("{9A19103F-16F7-4668-BE54-9A1E7A4F7556}") = "GrainInterfaces", "GrainInterfaces\GrainInterfaces.csproj", "{3D32CC93-E948-4C07-8453-F5371F88A3CD}"
EndProject
Project("{FAE04EC0-301F-11D3-BF4B-00C04F79EFBC}") = "Model", "Model\Model.csproj", "{D6D4A708-22AD-4326-AADA-A2C46C5A3C8D}"
EndProject
Global
	GlobalSection(SolutionConfigurationPlatforms) = preSolution
		Debug|Any CPU = Debug|Any CPU
		Release|Any CPU = Release|Any CPU
	EndGlobalSection
	GlobalSection(ProjectConfigurationPlatforms) = postSolution
		{6F703870-D17B-4785-8581-3711D86B048F}.Debug|Any CPU.ActiveCfg = Debug|Any CPU
		{6F703870-D17B-4785-8581-3711D86B048F}.Debug|Any CPU.Build.0 = Debug|Any CPU
		{6F703870-D17B-4785-8581-3711D86B048F}.Release|Any CPU.ActiveCfg = Release|Any CPU
		{6F703870-D17B-4785-8581-3711D86B048F}.Release|Any CPU.Build.0 = Release|Any CPU
		{189D85A3-7BCA-49EF-82F1-F031B3DE0F03}.Debug|Any CPU.ActiveCfg = Debug|Any CPU
		{189D85A3-7BCA-49EF-82F1-F031B3DE0F03}.Debug|Any CPU.Build.0 = Debug|Any CPU
		{189D85A3-7BCA-49EF-82F1-F031B3DE0F03}.Release|Any CPU.ActiveCfg = Release|Any CPU
		{189D85A3-7BCA-49EF-82F1-F031B3DE0F03}.Release|Any CPU.Build.0 = Release|Any CPU
		{01CE4668-BAFE-46CB-8DCB-52B5ECDB5EC4}.Debug|Any CPU.ActiveCfg = Debug|Any CPU
		{01CE4668-BAFE-46CB-8DCB-52B5ECDB5EC4}.Debug|Any CPU.Build.0 = Debug|Any CPU
		{01CE4668-BAFE-46CB-8DCB-52B5ECDB5EC4}.Release|Any CPU.ActiveCfg = Release|Any CPU
		{01CE4668-BAFE-46CB-8DCB-52B5ECDB5EC4}.Release|Any CPU.Build.0 = Release|Any CPU
		{3D32CC93-E948-4C07-8453-F5371F88A3CD}.Debug|Any CPU.ActiveCfg = Debug|Any CPU
		{3D32CC93-E948-4C07-8453-F5371F88A3CD}.Debug|Any CPU.Build.0 = Debug|Any CPU
		{3D32CC93-E948-4C07-8453-F5371F88A3CD}.Release|Any CPU.ActiveCfg = Release|Any CPU
		{3D32CC93-E948-4C07-8453-F5371F88A3CD}.Release|Any CPU.Build.0 = Release|Any CPU
		{D6D4A708-22AD-4326-AADA-A2C46C5A3C8D}.Debug|Any CPU.ActiveCfg = Debug|Any CPU
		{D6D4A708-22AD-4326-AADA-A2C46C5A3C8D}.Debug|Any CPU.Build.0 = Debug|Any CPU
		{D6D4A708-22AD-4326-AADA-A2C46C5A3C8D}.Release|Any CPU.ActiveCfg = Release|Any CPU
		{D6D4A708-22AD-4326-AADA-A2C46C5A3C8D}.Release|Any CPU.Build.0 = Release|Any CPU
	EndGlobalSection
	GlobalSection(SolutionProperties) = preSolution
		HideSolutionNode = FALSE
	EndGlobalSection
	GlobalSection(ExtensibilityGlobals) = postSolution
		SolutionGuid = {CAB7CE80-C785-4FF3-9BC9-3A452721D6E2}
	EndGlobalSection
EndGlobal
